<?xml version="1.0" encoding="UTF-8"?>
<CodeBlocks_project_file>
	<FileVersion major="1" minor="6"/>
	<Project>
		<Option title="Ordering-System-Client"/>
		<Option makefile_is_custom="1"/>
		<Option compiler="gcc"/>
		<Option virtualFolders="CMake Files\;CMake Files\Qt\;CMake Files\Qt\Qt5.14.2\;CMake Files\Qt\Qt5.14.2\5.14.2\;CMake Files\Qt\Qt5.14.2\5.14.2\mingw73_64\;CMake Files\Qt\Qt5.14.2\5.14.2\mingw73_64\lib\;CMake Files\Qt\Qt5.14.2\5.14.2\mingw73_64\lib\cmake\;CMake Files\Qt\Qt5.14.2\5.14.2\mingw73_64\lib\cmake\Qt5\;CMake Files\Qt\Qt5.14.2\5.14.2\mingw73_64\lib\cmake\Qt5Widgets\;CMake Files\Qt\Qt5.14.2\5.14.2\mingw73_64\lib\cmake\Qt5Gui\;CMake Files\Qt\Qt5.14.2\5.14.2\mingw73_64\lib\cmake\Qt5Core\;CMake Files\Qt\Qt5.14.2\5.14.2\mingw73_64\lib\cmake\Qt5Network\;CMake Files\Qt\Qt5.14.2\5.14.2\mingw73_64\lib\cmake\Qt5Sql\;"/>
		<Build>
			<Target title="all">
				<Option working_dir="D:/File/code/Qt/Ordering-System"/>
				<Option type="4"/>
				<MakeCommands>
					<Build command="C:/Qt/Qt5.14.2/Tools/mingw730_64/bin/mingw32-make.exe -f &quot;D:/File/code/Qt/Ordering-System/Makefile&quot;  VERBOSE=1 all"/>
					<CompileFile command="C:/Qt/Qt5.14.2/Tools/mingw730_64/bin/mingw32-make.exe -f &quot;D:/File/code/Qt/Ordering-System/Makefile&quot;  VERBOSE=1 &quot;$file&quot;"/>
					<Clean command="C:/Qt/Qt5.14.2/Tools/mingw730_64/bin/mingw32-make.exe -f &quot;D:/File/code/Qt/Ordering-System/Makefile&quot;  VERBOSE=1 clean"/>
					<DistClean command="C:/Qt/Qt5.14.2/Tools/mingw730_64/bin/mingw32-make.exe -f &quot;D:/File/code/Qt/Ordering-System/Makefile&quot;  VERBOSE=1 clean"/>
				</MakeCommands>
			</Target>
			<Target title="Ordering-System-Client">
				<Option output="D:/File/code/Qt/Ordering-System/Ordering-System-Client.exe" prefix_auto="0" extension_auto="0"/>
				<Option working_dir="D:/File/code/Qt/Ordering-System"/>
				<Option object_output="./"/>
				<Option type="1"/>
				<Option compiler="gcc"/>
				<Compiler>
					<Add option="-DQT_WIDGETS_LIB"/>
					<Add option="-DQT_GUI_LIB"/>
					<Add option="-DQT_CORE_LIB"/>
					<Add option="-DQT_NETWORK_LIB"/>
					<Add option="-DQT_SQL_LIB"/>
					<Add directory="D:/File/code/Qt/Ordering-System"/>
					<Add directory="D:/File/code/Qt/Ordering-System/Client/Ordering-System-Client"/>
					<Add directory="D:/File/code/Qt/Ordering-System/Ordering-System-Client_autogen/include"/>
					<Add directory="C:/Qt/Qt5.14.2/5.14.2/mingw73_64/include"/>
					<Add directory="C:/Qt/Qt5.14.2/5.14.2/mingw73_64/include/QtWidgets"/>
					<Add directory="C:/Qt/Qt5.14.2/5.14.2/mingw73_64/include/QtGui"/>
					<Add directory="C:/Qt/Qt5.14.2/5.14.2/mingw73_64/include/QtANGLE"/>
					<Add directory="C:/Qt/Qt5.14.2/5.14.2/mingw73_64/include/QtCore"/>
					<Add directory="C:/Qt/Qt5.14.2/5.14.2/mingw73_64/./mkspecs/win32-g++"/>
					<Add directory="C:/Qt/Qt5.14.2/5.14.2/mingw73_64/include/QtNetwork"/>
					<Add directory="C:/Qt/Qt5.14.2/5.14.2/mingw73_64/include/QtSql"/>
					<Add directory="C:/Qt/Qt5.14.2/Tools/mingw730_64/bin/../lib/gcc/x86_64-w64-mingw32/7.3.0/include/c++"/>
					<Add directory="C:/Qt/Qt5.14.2/Tools/mingw730_64/bin/../lib/gcc/x86_64-w64-mingw32/7.3.0/include/c++/x86_64-w64-mingw32"/>
					<Add directory="C:/Qt/Qt5.14.2/Tools/mingw730_64/bin/../lib/gcc/x86_64-w64-mingw32/7.3.0/include/c++/backward"/>
					<Add directory="C:/Qt/Qt5.14.2/Tools/mingw730_64/bin/../lib/gcc/x86_64-w64-mingw32/7.3.0/include"/>
					<Add directory="C:/Qt/Qt5.14.2/Tools/mingw730_64/bin/../lib/gcc/x86_64-w64-mingw32/7.3.0/include-fixed"/>
					<Add directory="C:/Qt/Qt5.14.2/Tools/mingw730_64/bin/../lib/gcc/x86_64-w64-mingw32/7.3.0/../../../../x86_64-w64-mingw32/include"/>
				</Compiler>
				<MakeCommands>
					<Build command="C:/Qt/Qt5.14.2/Tools/mingw730_64/bin/mingw32-make.exe -f &quot;D:/File/code/Qt/Ordering-System/Makefile&quot;  VERBOSE=1 Ordering-System-Client"/>
					<CompileFile command="C:/Qt/Qt5.14.2/Tools/mingw730_64/bin/mingw32-make.exe -f &quot;D:/File/code/Qt/Ordering-System/Makefile&quot;  VERBOSE=1 &quot;$file&quot;"/>
					<Clean command="C:/Qt/Qt5.14.2/Tools/mingw730_64/bin/mingw32-make.exe -f &quot;D:/File/code/Qt/Ordering-System/Makefile&quot;  VERBOSE=1 clean"/>
					<DistClean command="C:/Qt/Qt5.14.2/Tools/mingw730_64/bin/mingw32-make.exe -f &quot;D:/File/code/Qt/Ordering-System/Makefile&quot;  VERBOSE=1 clean"/>
				</MakeCommands>
			</Target>
			<Target title="Ordering-System-Client/fast">
				<Option output="D:/File/code/Qt/Ordering-System/Ordering-System-Client.exe" prefix_auto="0" extension_auto="0"/>
				<Option working_dir="D:/File/code/Qt/Ordering-System"/>
				<Option object_output="./"/>
				<Option type="1"/>
				<Option compiler="gcc"/>
				<Compiler>
					<Add option="-DQT_WIDGETS_LIB"/>
					<Add option="-DQT_GUI_LIB"/>
					<Add option="-DQT_CORE_LIB"/>
					<Add option="-DQT_NETWORK_LIB"/>
					<Add option="-DQT_SQL_LIB"/>
					<Add directory="D:/File/code/Qt/Ordering-System"/>
					<Add directory="D:/File/code/Qt/Ordering-System/Client/Ordering-System-Client"/>
					<Add directory="D:/File/code/Qt/Ordering-System/Ordering-System-Client_autogen/include"/>
					<Add directory="C:/Qt/Qt5.14.2/5.14.2/mingw73_64/include"/>
					<Add directory="C:/Qt/Qt5.14.2/5.14.2/mingw73_64/include/QtWidgets"/>
					<Add directory="C:/Qt/Qt5.14.2/5.14.2/mingw73_64/include/QtGui"/>
					<Add directory="C:/Qt/Qt5.14.2/5.14.2/mingw73_64/include/QtANGLE"/>
					<Add directory="C:/Qt/Qt5.14.2/5.14.2/mingw73_64/include/QtCore"/>
					<Add directory="C:/Qt/Qt5.14.2/5.14.2/mingw73_64/./mkspecs/win32-g++"/>
					<Add directory="C:/Qt/Qt5.14.2/5.14.2/mingw73_64/include/QtNetwork"/>
					<Add directory="C:/Qt/Qt5.14.2/5.14.2/mingw73_64/include/QtSql"/>
					<Add directory="C:/Qt/Qt5.14.2/Tools/mingw730_64/bin/../lib/gcc/x86_64-w64-mingw32/7.3.0/include/c++"/>
					<Add directory="C:/Qt/Qt5.14.2/Tools/mingw730_64/bin/../lib/gcc/x86_64-w64-mingw32/7.3.0/include/c++/x86_64-w64-mingw32"/>
					<Add directory="C:/Qt/Qt5.14.2/Tools/mingw730_64/bin/../lib/gcc/x86_64-w64-mingw32/7.3.0/include/c++/backward"/>
					<Add directory="C:/Qt/Qt5.14.2/Tools/mingw730_64/bin/../lib/gcc/x86_64-w64-mingw32/7.3.0/include"/>
					<Add directory="C:/Qt/Qt5.14.2/Tools/mingw730_64/bin/../lib/gcc/x86_64-w64-mingw32/7.3.0/include-fixed"/>
					<Add directory="C:/Qt/Qt5.14.2/Tools/mingw730_64/bin/../lib/gcc/x86_64-w64-mingw32/7.3.0/../../../../x86_64-w64-mingw32/include"/>
				</Compiler>
				<MakeCommands>
					<Build command="C:/Qt/Qt5.14.2/Tools/mingw730_64/bin/mingw32-make.exe -f &quot;D:/File/code/Qt/Ordering-System/Makefile&quot;  VERBOSE=1 Ordering-System-Client/fast"/>
					<CompileFile command="C:/Qt/Qt5.14.2/Tools/mingw730_64/bin/mingw32-make.exe -f &quot;D:/File/code/Qt/Ordering-System/Makefile&quot;  VERBOSE=1 &quot;$file&quot;"/>
					<Clean command="C:/Qt/Qt5.14.2/Tools/mingw730_64/bin/mingw32-make.exe -f &quot;D:/File/code/Qt/Ordering-System/Makefile&quot;  VERBOSE=1 clean"/>
					<DistClean command="C:/Qt/Qt5.14.2/Tools/mingw730_64/bin/mingw32-make.exe -f &quot;D:/File/code/Qt/Ordering-System/Makefile&quot;  VERBOSE=1 clean"/>
				</MakeCommands>
			</Target>
			<Target title="edit_cache">
				<Option working_dir="D:/File/code/Qt/Ordering-System"/>
				<Option type="4"/>
				<MakeCommands>
					<Build command="C:/Qt/Qt5.14.2/Tools/mingw730_64/bin/mingw32-make.exe -f &quot;D:/File/code/Qt/Ordering-System/Makefile&quot;  VERBOSE=1 edit_cache"/>
					<CompileFile command="C:/Qt/Qt5.14.2/Tools/mingw730_64/bin/mingw32-make.exe -f &quot;D:/File/code/Qt/Ordering-System/Makefile&quot;  VERBOSE=1 &quot;$file&quot;"/>
					<Clean command="C:/Qt/Qt5.14.2/Tools/mingw730_64/bin/mingw32-make.exe -f &quot;D:/File/code/Qt/Ordering-System/Makefile&quot;  VERBOSE=1 clean"/>
					<DistClean command="C:/Qt/Qt5.14.2/Tools/mingw730_64/bin/mingw32-make.exe -f &quot;D:/File/code/Qt/Ordering-System/Makefile&quot;  VERBOSE=1 clean"/>
				</MakeCommands>
			</Target>
			<Target title="rebuild_cache">
				<Option working_dir="D:/File/code/Qt/Ordering-System"/>
				<Option type="4"/>
				<MakeCommands>
					<Build command="C:/Qt/Qt5.14.2/Tools/mingw730_64/bin/mingw32-make.exe -f &quot;D:/File/code/Qt/Ordering-System/Makefile&quot;  VERBOSE=1 rebuild_cache"/>
					<CompileFile command="C:/Qt/Qt5.14.2/Tools/mingw730_64/bin/mingw32-make.exe -f &quot;D:/File/code/Qt/Ordering-System/Makefile&quot;  VERBOSE=1 &quot;$file&quot;"/>
					<Clean command="C:/Qt/Qt5.14.2/Tools/mingw730_64/bin/mingw32-make.exe -f &quot;D:/File/code/Qt/Ordering-System/Makefile&quot;  VERBOSE=1 clean"/>
					<DistClean command="C:/Qt/Qt5.14.2/Tools/mingw730_64/bin/mingw32-make.exe -f &quot;D:/File/code/Qt/Ordering-System/Makefile&quot;  VERBOSE=1 clean"/>
				</MakeCommands>
			</Target>
			<Target title="Ordering-System-Client_autogen">
				<Option working_dir="D:/File/code/Qt/Ordering-System"/>
				<Option type="4"/>
				<MakeCommands>
					<Build command="C:/Qt/Qt5.14.2/Tools/mingw730_64/bin/mingw32-make.exe -f &quot;D:/File/code/Qt/Ordering-System/Makefile&quot;  VERBOSE=1 Ordering-System-Client_autogen"/>
					<CompileFile command="C:/Qt/Qt5.14.2/Tools/mingw730_64/bin/mingw32-make.exe -f &quot;D:/File/code/Qt/Ordering-System/Makefile&quot;  VERBOSE=1 &quot;$file&quot;"/>
					<Clean command="C:/Qt/Qt5.14.2/Tools/mingw730_64/bin/mingw32-make.exe -f &quot;D:/File/code/Qt/Ordering-System/Makefile&quot;  VERBOSE=1 clean"/>
					<DistClean command="C:/Qt/Qt5.14.2/Tools/mingw730_64/bin/mingw32-make.exe -f &quot;D:/File/code/Qt/Ordering-System/Makefile&quot;  VERBOSE=1 clean"/>
				</MakeCommands>
			</Target>
		</Build>
		<Unit filename="D:/File/code/Qt/Ordering-System/Client/Ordering-System-Client/clientmainwindow.cpp">
			<Option target="Ordering-System-Client"/>
		</Unit>
		<Unit filename="D:/File/code/Qt/Ordering-System/Client/Ordering-System-Client/clientmainwindow.h">
			<Option target="Ordering-System-Client"/>
		</Unit>
		<Unit filename="D:/File/code/Qt/Ordering-System/Client/Ordering-System-Client/clientmainwindow.ui">
			<Option target="Ordering-System-Client"/>
		</Unit>
		<Unit filename="D:/File/code/Qt/Ordering-System/Client/Ordering-System-Client/main.cpp">
			<Option target="Ordering-System-Client"/>
		</Unit>
		<Unit filename="D:/File/code/Qt/Ordering-System/Ordering-System-Client_autogen/mocs_compilation.cpp">
			<Option target="Ordering-System-Client"/>
		</Unit>
		<Unit filename="D:/File/code/Qt/Ordering-System/Client/Ordering-System-Client/CMakeLists.txt">
			<Option virtualFolder="CMake Files\"/>
		</Unit>
		<Unit filename="D:/File/code/Qt/Ordering-System/Client/Ordering-System-Client/Qt/Qt5.14.2/5.14.2/mingw73_64/lib/cmake/Qt5/Qt5Config.cmake">
			<Option virtualFolder="CMake Files\Qt\Qt5.14.2\5.14.2\mingw73_64\lib\cmake\Qt5\"/>
		</Unit>
		<Unit filename="D:/File/code/Qt/Ordering-System/Client/Ordering-System-Client/Qt/Qt5.14.2/5.14.2/mingw73_64/lib/cmake/Qt5/Qt5ConfigVersion.cmake">
			<Option virtualFolder="CMake Files\Qt\Qt5.14.2\5.14.2\mingw73_64\lib\cmake\Qt5\"/>
		</Unit>
		<Unit filename="D:/File/code/Qt/Ordering-System/Client/Ordering-System-Client/Qt/Qt5.14.2/5.14.2/mingw73_64/lib/cmake/Qt5/Qt5ModuleLocation.cmake">
			<Option virtualFolder="CMake Files\Qt\Qt5.14.2\5.14.2\mingw73_64\lib\cmake\Qt5\"/>
		</Unit>
		<Unit filename="D:/File/code/Qt/Ordering-System/Client/Ordering-System-Client/Qt/Qt5.14.2/5.14.2/mingw73_64/lib/cmake/Qt5Widgets/Qt5WidgetsConfig.cmake">
			<Option virtualFolder="CMake Files\Qt\Qt5.14.2\5.14.2\mingw73_64\lib\cmake\Qt5Widgets\"/>
		</Unit>
		<Unit filename="D:/File/code/Qt/Ordering-System/Client/Ordering-System-Client/Qt/Qt5.14.2/5.14.2/mingw73_64/lib/cmake/Qt5Widgets/Qt5WidgetsConfigExtras.cmake">
			<Option virtualFolder="CMake Files\Qt\Qt5.14.2\5.14.2\mingw73_64\lib\cmake\Qt5Widgets\"/>
		</Unit>
		<Unit filename="D:/File/code/Qt/Ordering-System/Client/Ordering-System-Client/Qt/Qt5.14.2/5.14.2/mingw73_64/lib/cmake/Qt5Widgets/Qt5WidgetsConfigVersion.cmake">
			<Option virtualFolder="CMake Files\Qt\Qt5.14.2\5.14.2\mingw73_64\lib\cmake\Qt5Widgets\"/>
		</Unit>
		<Unit filename="D:/File/code/Qt/Ordering-System/Client/Ordering-System-Client/Qt/Qt5.14.2/5.14.2/mingw73_64/lib/cmake/Qt5Widgets/Qt5WidgetsMacros.cmake">
			<Option virtualFolder="CMake Files\Qt\Qt5.14.2\5.14.2\mingw73_64\lib\cmake\Qt5Widgets\"/>
		</Unit>
		<Unit filename="D:/File/code/Qt/Ordering-System/Client/Ordering-System-Client/Qt/Qt5.14.2/5.14.2/mingw73_64/lib/cmake/Qt5Widgets/Qt5Widgets_QWindowsVistaStylePlugin.cmake">
			<Option virtualFolder="CMake Files\Qt\Qt5.14.2\5.14.2\mingw73_64\lib\cmake\Qt5Widgets\"/>
		</Unit>
		<Unit filename="D:/File/code/Qt/Ordering-System/Client/Ordering-System-Client/Qt/Qt5.14.2/5.14.2/mingw73_64/lib/cmake/Qt5Gui/Qt5GuiConfig.cmake">
			<Option virtualFolder="CMake Files\Qt\Qt5.14.2\5.14.2\mingw73_64\lib\cmake\Qt5Gui\"/>
		</Unit>
		<Unit filename="D:/File/code/Qt/Ordering-System/Client/Ordering-System-Client/Qt/Qt5.14.2/5.14.2/mingw73_64/lib/cmake/Qt5Gui/Qt5GuiConfigExtras.cmake">
			<Option virtualFolder="CMake Files\Qt\Qt5.14.2\5.14.2\mingw73_64\lib\cmake\Qt5Gui\"/>
		</Unit>
		<Unit filename="D:/File/code/Qt/Ordering-System/Client/Ordering-System-Client/Qt/Qt5.14.2/5.14.2/mingw73_64/lib/cmake/Qt5Gui/Qt5GuiConfigVersion.cmake">
			<Option virtualFolder="CMake Files\Qt\Qt5.14.2\5.14.2\mingw73_64\lib\cmake\Qt5Gui\"/>
		</Unit>
		<Unit filename="D:/File/code/Qt/Ordering-System/Client/Ordering-System-Client/Qt/Qt5.14.2/5.14.2/mingw73_64/lib/cmake/Qt5Gui/Qt5Gui_QGifPlugin.cmake">
			<Option virtualFolder="CMake Files\Qt\Qt5.14.2\5.14.2\mingw73_64\lib\cmake\Qt5Gui\"/>
		</Unit>
		<Unit filename="D:/File/code/Qt/Ordering-System/Client/Ordering-System-Client/Qt/Qt5.14.2/5.14.2/mingw73_64/lib/cmake/Qt5Gui/Qt5Gui_QICNSPlugin.cmake">
			<Option virtualFolder="CMake Files\Qt\Qt5.14.2\5.14.2\mingw73_64\lib\cmake\Qt5Gui\"/>
		</Unit>
		<Unit filename="D:/File/code/Qt/Ordering-System/Client/Ordering-System-Client/Qt/Qt5.14.2/5.14.2/mingw73_64/lib/cmake/Qt5Gui/Qt5Gui_QICOPlugin.cmake">
			<Option virtualFolder="CMake Files\Qt\Qt5.14.2\5.14.2\mingw73_64\lib\cmake\Qt5Gui\"/>
		</Unit>
		<Unit filename="D:/File/code/Qt/Ordering-System/Client/Ordering-System-Client/Qt/Qt5.14.2/5.14.2/mingw73_64/lib/cmake/Qt5Gui/Qt5Gui_QJpegPlugin.cmake">
			<Option virtualFolder="CMake Files\Qt\Qt5.14.2\5.14.2\mingw73_64\lib\cmake\Qt5Gui\"/>
		</Unit>
		<Unit filename="D:/File/code/Qt/Ordering-System/Client/Ordering-System-Client/Qt/Qt5.14.2/5.14.2/mingw73_64/lib/cmake/Qt5Gui/Qt5Gui_QMinimalIntegrationPlugin.cmake">
			<Option virtualFolder="CMake Files\Qt\Qt5.14.2\5.14.2\mingw73_64\lib\cmake\Qt5Gui\"/>
		</Unit>
		<Unit filename="D:/File/code/Qt/Ordering-System/Client/Ordering-System-Client/Qt/Qt5.14.2/5.14.2/mingw73_64/lib/cmake/Qt5Gui/Qt5Gui_QOffscreenIntegrationPlugin.cmake">
			<Option virtualFolder="CMake Files\Qt\Qt5.14.2\5.14.2\mingw73_64\lib\cmake\Qt5Gui\"/>
		</Unit>
		<Unit filename="D:/File/code/Qt/Ordering-System/Client/Ordering-System-Client/Qt/Qt5.14.2/5.14.2/mingw73_64/lib/cmake/Qt5Gui/Qt5Gui_QSvgIconPlugin.cmake">
			<Option virtualFolder="CMake Files\Qt\Qt5.14.2\5.14.2\mingw73_64\lib\cmake\Qt5Gui\"/>
		</Unit>
		<Unit filename="D:/File/code/Qt/Ordering-System/Client/Ordering-System-Client/Qt/Qt5.14.2/5.14.2/mingw73_64/lib/cmake/Qt5Gui/Qt5Gui_QSvgPlugin.cmake">
			<Option virtualFolder="CMake Files\Qt\Qt5.14.2\5.14.2\mingw73_64\lib\cmake\Qt5Gui\"/>
		</Unit>
		<Unit filename="D:/File/code/Qt/Ordering-System/Client/Ordering-System-Client/Qt/Qt5.14.2/5.14.2/mingw73_64/lib/cmake/Qt5Gui/Qt5Gui_QTgaPlugin.cmake">
			<Option virtualFolder="CMake Files\Qt\Qt5.14.2\5.14.2\mingw73_64\lib\cmake\Qt5Gui\"/>
		</Unit>
		<Unit filename="D:/File/code/Qt/Ordering-System/Client/Ordering-System-Client/Qt/Qt5.14.2/5.14.2/mingw73_64/lib/cmake/Qt5Gui/Qt5Gui_QTiffPlugin.cmake">
			<Option virtualFolder="CMake Files\Qt\Qt5.14.2\5.14.2\mingw73_64\lib\cmake\Qt5Gui\"/>
		</Unit>
		<Unit filename="D:/File/code/Qt/Ordering-System/Client/Ordering-System-Client/Qt/Qt5.14.2/5.14.2/mingw73_64/lib/cmake/Qt5Gui/Qt5Gui_QTuioTouchPlugin.cmake">
			<Option virtualFolder="CMake Files\Qt\Qt5.14.2\5.14.2\mingw73_64\lib\cmake\Qt5Gui\"/>
		</Unit>
		<Unit filename="D:/File/code/Qt/Ordering-System/Client/Ordering-System-Client/Qt/Qt5.14.2/5.14.2/mingw73_64/lib/cmake/Qt5Gui/Qt5Gui_QVirtualKeyboardPlugin.cmake">
			<Option virtualFolder="CMake Files\Qt\Qt5.14.2\5.14.2\mingw73_64\lib\cmake\Qt5Gui\"/>
		</Unit>
		<Unit filename="D:/File/code/Qt/Ordering-System/Client/Ordering-System-Client/Qt/Qt5.14.2/5.14.2/mingw73_64/lib/cmake/Qt5Gui/Qt5Gui_QWbmpPlugin.cmake">
			<Option virtualFolder="CMake Files\Qt\Qt5.14.2\5.14.2\mingw73_64\lib\cmake\Qt5Gui\"/>
		</Unit>
		<Unit filename="D:/File/code/Qt/Ordering-System/Client/Ordering-System-Client/Qt/Qt5.14.2/5.14.2/mingw73_64/lib/cmake/Qt5Gui/Qt5Gui_QWebGLIntegrationPlugin.cmake">
			<Option virtualFolder="CMake Files\Qt\Qt5.14.2\5.14.2\mingw73_64\lib\cmake\Qt5Gui\"/>
		</Unit>
		<Unit filename="D:/File/code/Qt/Ordering-System/Client/Ordering-System-Client/Qt/Qt5.14.2/5.14.2/mingw73_64/lib/cmake/Qt5Gui/Qt5Gui_QWebpPlugin.cmake">
			<Option virtualFolder="CMake Files\Qt\Qt5.14.2\5.14.2\mingw73_64\lib\cmake\Qt5Gui\"/>
		</Unit>
		<Unit filename="D:/File/code/Qt/Ordering-System/Client/Ordering-System-Client/Qt/Qt5.14.2/5.14.2/mingw73_64/lib/cmake/Qt5Gui/Qt5Gui_QWindowsDirect2DIntegrationPlugin.cmake">
			<Option virtualFolder="CMake Files\Qt\Qt5.14.2\5.14.2\mingw73_64\lib\cmake\Qt5Gui\"/>
		</Unit>
		<Unit filename="D:/File/code/Qt/Ordering-System/Client/Ordering-System-Client/Qt/Qt5.14.2/5.14.2/mingw73_64/lib/cmake/Qt5Gui/Qt5Gui_QWindowsIntegrationPlugin.cmake">
			<Option virtualFolder="CMake Files\Qt\Qt5.14.2\5.14.2\mingw73_64\lib\cmake\Qt5Gui\"/>
		</Unit>
		<Unit filename="D:/File/code/Qt/Ordering-System/Client/Ordering-System-Client/Qt/Qt5.14.2/5.14.2/mingw73_64/lib/cmake/Qt5Gui/Qt5Gui_QXdgDesktopPortalThemePlugin.cmake">
			<Option virtualFolder="CMake Files\Qt\Qt5.14.2\5.14.2\mingw73_64\lib\cmake\Qt5Gui\"/>
		</Unit>
		<Unit filename="D:/File/code/Qt/Ordering-System/Client/Ordering-System-Client/Qt/Qt5.14.2/5.14.2/mingw73_64/lib/cmake/Qt5Core/Qt5CoreConfig.cmake">
			<Option virtualFolder="CMake Files\Qt\Qt5.14.2\5.14.2\mingw73_64\lib\cmake\Qt5Core\"/>
		</Unit>
		<Unit filename="D:/File/code/Qt/Ordering-System/Client/Ordering-System-Client/Qt/Qt5.14.2/5.14.2/mingw73_64/lib/cmake/Qt5Core/Qt5CoreConfigExtras.cmake">
			<Option virtualFolder="CMake Files\Qt\Qt5.14.2\5.14.2\mingw73_64\lib\cmake\Qt5Core\"/>
		</Unit>
		<Unit filename="D:/File/code/Qt/Ordering-System/Client/Ordering-System-Client/Qt/Qt5.14.2/5.14.2/mingw73_64/lib/cmake/Qt5Core/Qt5CoreConfigExtrasMkspecDir.cmake">
			<Option virtualFolder="CMake Files\Qt\Qt5.14.2\5.14.2\mingw73_64\lib\cmake\Qt5Core\"/>
		</Unit>
		<Unit filename="D:/File/code/Qt/Ordering-System/Client/Ordering-System-Client/Qt/Qt5.14.2/5.14.2/mingw73_64/lib/cmake/Qt5Core/Qt5CoreConfigVersion.cmake">
			<Option virtualFolder="CMake Files\Qt\Qt5.14.2\5.14.2\mingw73_64\lib\cmake\Qt5Core\"/>
		</Unit>
		<Unit filename="D:/File/code/Qt/Ordering-System/Client/Ordering-System-Client/Qt/Qt5.14.2/5.14.2/mingw73_64/lib/cmake/Qt5Core/Qt5CoreMacros.cmake">
			<Option virtualFolder="CMake Files\Qt\Qt5.14.2\5.14.2\mingw73_64\lib\cmake\Qt5Core\"/>
		</Unit>
		<Unit filename="D:/File/code/Qt/Ordering-System/Client/Ordering-System-Client/Qt/Qt5.14.2/5.14.2/mingw73_64/lib/cmake/Qt5Network/Qt5NetworkConfig.cmake">
			<Option virtualFolder="CMake Files\Qt\Qt5.14.2\5.14.2\mingw73_64\lib\cmake\Qt5Network\"/>
		</Unit>
		<Unit filename="D:/File/code/Qt/Ordering-System/Client/Ordering-System-Client/Qt/Qt5.14.2/5.14.2/mingw73_64/lib/cmake/Qt5Network/Qt5NetworkConfigVersion.cmake">
			<Option virtualFolder="CMake Files\Qt\Qt5.14.2\5.14.2\mingw73_64\lib\cmake\Qt5Network\"/>
		</Unit>
		<Unit filename="D:/File/code/Qt/Ordering-System/Client/Ordering-System-Client/Qt/Qt5.14.2/5.14.2/mingw73_64/lib/cmake/Qt5Network/Qt5Network_QGenericEnginePlugin.cmake">
			<Option virtualFolder="CMake Files\Qt\Qt5.14.2\5.14.2\mingw73_64\lib\cmake\Qt5Network\"/>
		</Unit>
		<Unit filename="D:/File/code/Qt/Ordering-System/Client/Ordering-System-Client/Qt/Qt5.14.2/5.14.2/mingw73_64/lib/cmake/Qt5Sql/Qt5SqlConfig.cmake">
			<Option virtualFolder="CMake Files\Qt\Qt5.14.2\5.14.2\mingw73_64\lib\cmake\Qt5Sql\"/>
		</Unit>
		<Unit filename="D:/File/code/Qt/Ordering-System/Client/Ordering-System-Client/Qt/Qt5.14.2/5.14.2/mingw73_64/lib/cmake/Qt5Sql/Qt5SqlConfigVersion.cmake">
			<Option virtualFolder="CMake Files\Qt\Qt5.14.2\5.14.2\mingw73_64\lib\cmake\Qt5Sql\"/>
		</Unit>
		<Unit filename="D:/File/code/Qt/Ordering-System/Client/Ordering-System-Client/Qt/Qt5.14.2/5.14.2/mingw73_64/lib/cmake/Qt5Sql/Qt5Sql_QMYSQLDriverPlugin.cmake">
			<Option virtualFolder="CMake Files\Qt\Qt5.14.2\5.14.2\mingw73_64\lib\cmake\Qt5Sql\"/>
		</Unit>
		<Unit filename="D:/File/code/Qt/Ordering-System/Client/Ordering-System-Client/Qt/Qt5.14.2/5.14.2/mingw73_64/lib/cmake/Qt5Sql/Qt5Sql_QODBCDriverPlugin.cmake">
			<Option virtualFolder="CMake Files\Qt\Qt5.14.2\5.14.2\mingw73_64\lib\cmake\Qt5Sql\"/>
		</Unit>
		<Unit filename="D:/File/code/Qt/Ordering-System/Client/Ordering-System-Client/Qt/Qt5.14.2/5.14.2/mingw73_64/lib/cmake/Qt5Sql/Qt5Sql_QPSQLDriverPlugin.cmake">
			<Option virtualFolder="CMake Files\Qt\Qt5.14.2\5.14.2\mingw73_64\lib\cmake\Qt5Sql\"/>
		</Unit>
		<Unit filename="D:/File/code/Qt/Ordering-System/Client/Ordering-System-Client/Qt/Qt5.14.2/5.14.2/mingw73_64/lib/cmake/Qt5Sql/Qt5Sql_QSQLiteDriverPlugin.cmake">
			<Option virtualFolder="CMake Files\Qt\Qt5.14.2\5.14.2\mingw73_64\lib\cmake\Qt5Sql\"/>
		</Unit>
	</Project>
</CodeBlocks_project_file>
